{
  "nodes": {
    "alire-community-index": {
      "flake": false,
      "locked": {
        "lastModified": 1747393402,
        "narHash": "sha256-MV3qc12g2r9ntV5Fb3IEzK2tbkTOW7yVqq7vm6uEsrY=",
        "owner": "alire-project",
        "repo": "alire-index",
        "rev": "f2e64c68f6f0e8844bb92b1c2d3f58d71ed65e9c",
        "type": "github"
      },
      "original": {
        "owner": "alire-project",
        "repo": "alire-index",
        "type": "github"
      }
    },
    "nixpkgs": {
      "locked": {
        "lastModified": 1747587122,
        "narHash": "sha256-8A/zJ3vqqvzgoeXYaNqBtC7tjulWZuYy9IrDehjvUCc=",
        "owner": "nixos",
        "repo": "nixpkgs",
        "rev": "697aab626a857591d5361d9abf8ce9f4946ffeec",
        "type": "github"
      },
      "original": {
        "owner": "nixos",
        "repo": "nixpkgs",
        "type": "github"
      }
    },
    "root": {
      "inputs": {
        "alire-community-index": "alire-community-index",
        "nixpkgs": "nixpkgs"
      }
    }
  },
  "root": "root",
  "version": 7
}
