{
  "nodes": {
    "alire-community-index": {
      "flake": false,
      "locked": {
        "lastModified": 1749722259,
        "narHash": "sha256-UW492D5b5c0LYP7m2uxYKtkHIrqDCdnB5seo6ZVW8BU=",
        "owner": "alire-project",
        "repo": "alire-index",
        "rev": "c8f57b57d7d2833c1e499a35f060faf7f44e3530",
        "type": "github"
      },
      "original": {
        "owner": "alire-project",
        "repo": "alire-index",
        "type": "github"
      }
    },
    "nixpkgs": {
      "locked": {
        "lastModified": 1765747721,
        "narHash": "sha256-mxosyty/+tG7TAXlXZPhUUTfYa+7BQtwsqsdqEG5IF4=",
        "owner": "nixos",
        "repo": "nixpkgs",
        "rev": "4752c94b98da69694ebebde8184050bb0f0b2333",
        "type": "github"
      },
      "original": {
        "owner": "nixos",
        "ref": "release-25.11",
        "repo": "nixpkgs",
        "type": "github"
      }
    },
    "root": {
      "inputs": {
        "alire-community-index": "alire-community-index",
        "nixpkgs": "nixpkgs"
      }
    }
  },
  "root": "root",
  "version": 7
}
