{
  "nodes": {
    "alire-community-index": {
      "flake": false,
      "locked": {
        "lastModified": 1728290080,
        "narHash": "sha256-eUnXtuU7pj2oSKOZfXHEw4D53ImnDpBcC0FkwwwBTGk=",
        "owner": "alire-project",
        "repo": "alire-index",
        "rev": "094bc572e30cde7dfd589f39e885ad293ec4ab44",
        "type": "github"
      },
      "original": {
        "owner": "alire-project",
        "repo": "alire-index",
        "type": "github"
      }
    },
    "alire-src": {
      "flake": false,
      "locked": {
        "lastModified": 1727797151,
        "narHash": "sha256-46PwpF1/ZWJmGU/GPbTMuuFRLxazlfFWuFh4VioDNJs=",
        "ref": "nix",
        "rev": "d18367d58f24cd11e316f50540cef30b5823bd6a",
        "revCount": 1969,
        "submodules": true,
        "type": "git",
        "url": "https://github.com/atalii/alire"
      },
      "original": {
        "ref": "nix",
        "submodules": true,
        "type": "git",
        "url": "https://github.com/atalii/alire"
      }
    },
    "nixpkgs": {
      "locked": {
        "lastModified": 1727816908,
        "narHash": "sha256-s+pnpwHJxABMCQBK9k5CTexWZzHSxXFku06cJ3CbWbI=",
        "owner": "nixos",
        "repo": "nixpkgs",
        "rev": "682ba0c19b8f6de5347573e1460009559bd23e4f",
        "type": "github"
      },
      "original": {
        "owner": "nixos",
        "repo": "nixpkgs",
        "type": "github"
      }
    },
    "root": {
      "inputs": {
        "alire-community-index": "alire-community-index",
        "alire-src": "alire-src",
        "nixpkgs": "nixpkgs"
      }
    }
  },
  "root": "root",
  "version": 7
}
